// !$*UTF8*$!
{
	archiveVersion = 1;
	classes = {
	};
	objectVersion = 50;
	objects = {

/* Begin PBXBuildFile section */
		C6090B1E23FBEF2900A814D8 /* VerticalScroll.swift in Sources */ = {isa = PBXBuildFile; fileRef = C6090B1D23FBEF2900A814D8 /* VerticalScroll.swift */; };
		C6AC177523FBC11E00DE2A88 /* AppDelegate.swift in Sources */ = {isa = PBXBuildFile; fileRef = C6AC177423FBC11E00DE2A88 /* AppDelegate.swift */; };
		C6AC177723FBC11F00DE2A88 /* SceneDelegate.swift in Sources */ = {isa = PBXBuildFile; fileRef = C6AC177623FBC11F00DE2A88 /* SceneDelegate.swift */; };
		C6AC177923FBC11F00DE2A88 /* ContentView.swift in Sources */ = {isa = PBXBuildFile; fileRef = C6AC177823FBC11F00DE2A88 /* ContentView.swift */; };
		C6AC177B23FBC12000DE2A88 /* Assets.xcassets in Resources */ = {isa = PBXBuildFile; fileRef = C6AC177A23FBC12000DE2A88 /* Assets.xcassets */; };
		C6AC177E23FBC12000DE2A88 /* Preview Assets.xcassets in Resources */ = {isa = PBXBuildFile; fileRef = C6AC177D23FBC12000DE2A88 /* Preview Assets.xcassets */; };
		C6AC178123FBC12000DE2A88 /* LaunchScreen.storyboard in Resources */ = {isa = PBXBuildFile; fileRef = C6AC177F23FBC12000DE2A88 /* LaunchScreen.storyboard */; };
/* End PBXBuildFile section */

/* Begin PBXFileReference section */
		C6090B1D23FBEF2900A814D8 /* VerticalScroll.swift */ = {isa = PBXFileReference; lastKnownFileType = sourcecode.swift; path = VerticalScroll.swift; sourceTree = "<group>"; };
		C6AC177123FBC11E00DE2A88 /* SwiftUIScrollViewWithAnimation.app */ = {isa = PBXFileReference; explicitFileType = wrapper.application; includeInIndex = 0; path = SwiftUIScrollViewWithAnimation.app; sourceTree = BUILT_PRODUCTS_DIR; };
		C6AC177423FBC11E00DE2A88 /* AppDelegate.swift */ = {isa = PBXFileReference; lastKnownFileType = sourcecode.swift; path = AppDelegate.swift; sourceTree = "<group>"; };
		C6AC177623FBC11F00DE2A88 /* SceneDelegate.swift */ = {isa = PBXFileReference; lastKnownFileType = sourcecode.swift; path = SceneDelegate.swift; sourceTree = "<group>"; };
		C6AC177823FBC11F00DE2A88 /* ContentView.swift */ = {isa = PBXFileReference; lastKnownFileType = sourcecode.swift; path = ContentView.swift; sourceTree = "<group>"; };
		C6AC177A23FBC12000DE2A88 /* Assets.xcassets */ = {isa = PBXFileReference; lastKnownFileType = folder.assetcatalog; path = Assets.xcassets; sourceTree = "<group>"; };
		C6AC177D23FBC12000DE2A88 /* Preview Assets.xcassets */ = {isa = PBXFileReference; lastKnownFileType = folder.assetcatalog; path = "Preview Assets.xcassets"; sourceTree = "<group>"; };
		C6AC178023FBC12000DE2A88 /* Base */ = {isa = PBXFileReference; lastKnownFileType = file.storyboard; name = Base; path = Base.lproj/LaunchScreen.storyboard; sourceTree = "<group>"; };
		C6AC178223FBC12000DE2A88 /* Info.plist */ = {isa = PBXFileReference; lastKnownFileType = text.plist.xml; path = Info.plist; sourceTree = "<group>"; };
/* End PBXFileReference section */

/* Begin PBXFrameworksBuildPhase section */
		C6AC176E23FBC11E00DE2A88 /* Frameworks */ = {
			isa = PBXFrameworksBuildPhase;
			buildActionMask = 2147483647;
			files = (
			);
			runOnlyForDeploymentPostprocessing = 0;
		};
/* End PBXFrameworksBuildPhase section */

/* Begin PBXGroup section */
		C6AC176823FBC11E00DE2A88 = {
			isa = PBXGroup;
			children = (
				C6AC177323FBC11E00DE2A88 /* SwiftUIScrollViewWithAnimation */,
				C6AC177223FBC11E00DE2A88 /* Products */,
			);
			sourceTree = "<group>";
		};
		C6AC177223FBC11E00DE2A88 /* Products */ = {
			isa = PBXGroup;
			children = (
				C6AC177123FBC11E00DE2A88 /* SwiftUIScrollViewWithAnimation.app */,
			);
			name = Products;
			sourceTree = "<group>";
		};
		C6AC177323FBC11E00DE2A88 /* SwiftUIScrollViewWithAnimation */ = {
			isa = PBXGroup;
			children = (
				C6AC177423FBC11E00DE2A88 /* AppDelegate.swift */,
				C6AC177623FBC11F00DE2A88 /* SceneDelegate.swift */,
				C6AC177823FBC11F00DE2A88 /* ContentView.swift */,
				C6090B1D23FBEF2900A814D8 /* VerticalScroll.swift */,
				C6AC177A23FBC12000DE2A88 /* Assets.xcassets */,
				C6AC177F23FBC12000DE2A88 /* LaunchScreen.storyboard */,
				C6AC178223FBC12000DE2A88 /* Info.plist */,
				C6AC177C23FBC12000DE2A88 /* Preview Content */,
			);
			path = SwiftUIScrollViewWithAnimation;
			sourceTree = "<group>";
		};
		C6AC177C23FBC12000DE2A88 /* Preview Content */ = {
			isa = PBXGroup;
			children = (
				C6AC177D23FBC12000DE2A88 /* Preview Assets.xcassets */,
			);
			path = "Preview Content";
			sourceTree = "<group>";
		};
/* End PBXGroup section */

/* Begin PBXNativeTarget section */
		C6AC177023FBC11E00DE2A88 /* SwiftUIScrollViewWithAnimation */ = {
			isa = PBXNativeTarget;
			buildConfigurationList = C6AC178523FBC12000DE2A88 /* Build configuration list for PBXNativeTarget "SwiftUIScrollViewWithAnimation" */;
			buildPhases = (
				C6AC176D23FBC11E00DE2A88 /* Sources */,
				C6AC176E23FBC11E00DE2A88 /* Frameworks */,
				C6AC176F23FBC11E00DE2A88 /* Resources */,
			);
			buildRules = (
			);
			dependencies = (
			);
			name = SwiftUIScrollViewWithAnimation;
			productName = SwiftUIScrollViewWithAnimation;
			productReference = C6AC177123FBC11E00DE2A88 /* SwiftUIScrollViewWithAnimation.app */;
			productType = "com.apple.product-type.application";
		};
/* End PBXNativeTarget section */

/* Begin PBXProject section */
		C6AC176923FBC11E00DE2A88 /* Project object */ = {
			isa = PBXProject;
			attributes = {
				LastSwiftUpdateCheck = 1130;
				LastUpgradeCheck = 1130;
				ORGANIZATIONNAME = "Jakub Slawecki";
				TargetAttributes = {
					C6AC177023FBC11E00DE2A88 = {
						CreatedOnToolsVersion = 11.3.1;
					};
				};
			};
			buildConfigurationList = C6AC176C23FBC11E00DE2A88 /* Build configuration list for PBXProject "SwiftUIScrollViewWithAnimation" */;
			compatibilityVersion = "Xcode 9.3";
			developmentRegion = en;
			hasScannedForEncodings = 0;
			knownRegions = (
				en,
				Base,
			);
			mainGroup = C6AC176823FBC11E00DE2A88;
			productRefGroup = C6AC177223FBC11E00DE2A88 /* Products */;
			projectDirPath = "";
			projectRoot = "";
			targets = (
				C6AC177023FBC11E00DE2A88 /* SwiftUIScrollViewWithAnimation */,
			);
		};
/* End PBXProject section */

/* Begin PBXResourcesBuildPhase section */
		C6AC176F23FBC11E00DE2A88 /* Resources */ = {
			isa = PBXResourcesBuildPhase;
			buildActionMask = 2147483647;
			files = (
				C6AC178123FBC12000DE2A88 /* LaunchScreen.storyboard in Resources */,
				C6AC177E23FBC12000DE2A88 /* Preview Assets.xcassets in Resources */,
				C6AC177B23FBC12000DE2A88 /* Assets.xcassets in Resources */,
			);
			runOnlyForDeploymentPostprocessing = 0;
		};
/* End PBXResourcesBuildPhase section */

/* Begin PBXSourcesBuildPhase section */
		C6AC176D23FBC11E00DE2A88 /* Sources */ = {
			isa = PBXSourcesBuildPhase;
			buildActionMask = 2147483647;
			files = (
				C6090B1E23FBEF2900A814D8 /* VerticalScroll.swift in Sources */,
				C6AC177523FBC11E00DE2A88 /* AppDelegate.swift in Sources */,
				C6AC177723FBC11F00DE2A88 /* SceneDelegate.swift in Sources */,
				C6AC177923FBC11F00DE2A88 /* ContentView.swift in Sources */,
			);
			runOnlyForDeploymentPostprocessing = 0;
		};
/* End PBXSourcesBuildPhase section */

/* Begin PBXVariantGroup section */
		C6AC177F23FBC12000DE2A88 /* LaunchScreen.storyboard */ = {
			isa = PBXVariantGroup;
			children = (
				C6AC178023FBC12000DE2A88 /* Base */,
			);
			name = LaunchScreen.storyboard;
			sourceTree = "<group>";
		};
/* End PBXVariantGroup section */

/* Begin XCBuildConfiguration section */
		C6AC178323FBC12000DE2A88 /* Debug */ = {
			isa = XCBuildConfiguration;
			buildSettings = {
				ALWAYS_SEARCH_USER_PATHS = NO;
				CLANG_ANALYZER_NONNULL = YES;
				CLANG_ANALYZER_NUMBER_OBJECT_CONVERSION = YES_AGGRESSIVE;
				CLANG_CXX_LANGUAGE_STANDARD = "gnu++14";
				CLANG_CXX_LIBRARY = "libc++";
				CLANG_ENABLE_MODULES = YES;
				CLANG_ENABLE_OBJC_ARC = YES;
				CLANG_ENABLE_OBJC_WEAK = YES;
				CLANG_WARN_BLOCK_CAPTURE_AUTORELEASING = YES;
				CLANG_WARN_BOOL_CONVERSION = YES;
				CLANG_WARN_COMMA = YES;
				CLANG_WARN_CONSTANT_CONVERSION = YES;
				CLANG_WARN_DEPRECATED_OBJC_IMPLEMENTATIONS = YES;
				CLANG_WARN_DIRECT_OBJC_ISA_USAGE = YES_ERROR;
				CLANG_WARN_DOCUMENTATION_COMMENTS = YES;
				CLANG_WARN_EMPTY_BODY = YES;
				CLANG_WARN_ENUM_CONVERSION = YES;
				CLANG_WARN_INFINITE_RECURSION = YES;
				CLANG_WARN_INT_CONVERSION = YES;
				CLANG_WARN_NON_LITERAL_NULL_CONVERSION = YES;
				CLANG_WARN_OBJC_IMPLICIT_RETAIN_SELF = YES;
				CLANG_WARN_OBJC_LITERAL_CONVERSION = YES;
				CLANG_WARN_OBJC_ROOT_CLASS = YES_ERROR;
				CLANG_WARN_RANGE_LOOP_ANALYSIS = YES;
				CLANG_WARN_STRICT_PROTOTYPES = YES;
				CLANG_WARN_SUSPICIOUS_MOVE = YES;
				CLANG_WARN_UNGUARDED_AVAILABILITY = YES_AGGRESSIVE;
				CLANG_WARN_UNREACHABLE_CODE = YES;
				CLANG_WARN__DUPLICATE_METHOD_MATCH = YES;
				COPY_PHASE_STRIP = NO;
				DEBUG_INFORMATION_FORMAT = dwarf;
				ENABLE_STRICT_OBJC_MSGSEND = YES;
				ENABLE_TESTABILITY = YES;
				GCC_C_LANGUAGE_STANDARD = gnu11;
				GCC_DYNAMIC_NO_PIC = NO;
				GCC_NO_COMMON_BLOCKS = YES;
				GCC_OPTIMIZATION_LEVEL = 0;
				GCC_PREPROCESSOR_DEFINITIONS = (
					"DEBUG=1",
					"$(inherited)",
				);
				GCC_WARN_64_TO_32_BIT_CONVERSION = YES;
				GCC_WARN_ABOUT_RETURN_TYPE = YES_ERROR;
				GCC_WARN_UNDECLARED_SELECTOR = YES;
				GCC_WARN_UNINITIALIZED_AUTOS = YES_AGGRESSIVE;
				GCC_WARN_UNUSED_FUNCTION = YES;
				GCC_WARN_UNUSED_VARIABLE = YES;
				IPHONEOS_DEPLOYMENT_TARGET = 13.2;
				MTL_ENABLE_DEBUG_INFO = INCLUDE_SOURCE;
				MTL_FAST_MATH = YES;
				ONLY_ACTIVE_ARCH = YES;
				SDKROOT = iphoneos;
				SWIFT_ACTIVE_COMPILATION_CONDITIONS = DEBUG;
				SWIFT_OPTIMIZATION_LEVEL = "-Onone";
			};
			name = Debug;
		};
		C6AC178423FBC12000DE2A88 /* Release */ = {
			isa = XCBuildConfiguration;
			buildSettings = {
				ALWAYS_SEARCH_USER_PATHS = NO;
				CLANG_ANALYZER_NONNULL = YES;
				CLANG_ANALYZER_NUMBER_OBJECT_CONVERSION = YES_AGGRESSIVE;
				CLANG_CXX_LANGUAGE_STANDARD = "gnu++14";
				CLANG_CXX_LIBRARY = "libc++";
				CLANG_ENABLE_MODULES = YES;
				CLANG_ENABLE_OBJC_ARC = YES;
				CLANG_ENABLE_OBJC_WEAK = YES;
				CLANG_WARN_BLOCK_CAPTURE_AUTORELEASING = YES;
				CLANG_WARN_BOOL_CONVERSION = YES;
				CLANG_WARN_COMMA = YES;
				CLANG_WARN_CONSTANT_CONVERSION = YES;
				CLANG_WARN_DEPRECATED_OBJC_IMPLEMENTATIONS = YES;
				CLANG_WARN_DIRECT_OBJC_ISA_USAGE = YES_ERROR;
				CLANG_WARN_DOCUMENTATION_COMMENTS = YES;
				CLANG_WARN_EMPTY_BODY = YES;
				CLANG_WARN_ENUM_CONVERSION = YES;
				CLANG_WARN_INFINITE_RECURSION = YES;
				CLANG_WARN_INT_CONVERSION = YES;
				CLANG_WARN_NON_LITERAL_NULL_CONVERSION = YES;
				CLANG_WARN_OBJC_IMPLICIT_RETAIN_SELF = YES;
				CLANG_WARN_OBJC_LITERAL_CONVERSION = YES;
				CLANG_WARN_OBJC_ROOT_CLASS = YES_ERROR;
				CLANG_WARN_RANGE_LOOP_ANALYSIS = YES;
				CLANG_WARN_STRICT_PROTOTYPES = YES;
				CLANG_WARN_SUSPICIOUS_MOVE = YES;
				CLANG_WARN_UNGUARDED_AVAILABILITY = YES_AGGRESSIVE;
				CLANG_WARN_UNREACHABLE_CODE = YES;
				CLANG_WARN__DUPLICATE_METHOD_MATCH = YES;
				COPY_PHASE_STRIP = NO;
				DEBUG_INFORMATION_FORMAT = "dwarf-with-dsym";
				ENABLE_NS_ASSERTIONS = NO;
				ENABLE_STRICT_OBJC_MSGSEND = YES;
				GCC_C_LANGUAGE_STANDARD = gnu11;
				GCC_NO_COMMON_BLOCKS = YES;
				GCC_WARN_64_TO_32_BIT_CONVERSION = YES;
				GCC_WARN_ABOUT_RETURN_TYPE = YES_ERROR;
				GCC_WARN_UNDECLARED_SELECTOR = YES;
				GCC_WARN_UNINITIALIZED_AUTOS = YES_AGGRESSIVE;
				GCC_WARN_UNUSED_FUNCTION = YES;
				GCC_WARN_UNUSED_VARIABLE = YES;
				IPHONEOS_DEPLOYMENT_TARGET = 13.2;
				MTL_ENABLE_DEBUG_INFO = NO;
				MTL_FAST_MATH = YES;
				SDKROOT = iphoneos;
				SWIFT_COMPILATION_MODE = wholemodule;
				SWIFT_OPTIMIZATION_LEVEL = "-O";
				VALIDATE_PRODUCT = YES;
			};
			name = Release;
		};
		C6AC178623FBC12000DE2A88 /* Debug */ = {
			isa = XCBuildConfiguration;
			buildSettings = {
				ASSETCATALOG_COMPILER_APPICON_NAME = AppIcon;
				CODE_SIGN_STYLE = Automatic;
				DEVELOPMENT_ASSET_PATHS = "\"SwiftUIScrollViewWithAnimation/Preview Content\"";
				DEVELOPMENT_TEAM = TNJ5QF4LT5;
				ENABLE_PREVIEWS = YES;
				INFOPLIST_FILE = SwiftUIScrollViewWithAnimation/Info.plist;
				LD_RUNPATH_SEARCH_PATHS = (
					"$(inherited)",
					"@executable_path/Frameworks",
				);
				PRODUCT_BUNDLE_IDENTIFIER = "Jakub-Slawecki.SwiftUIScrollViewWithAnimation";
				PRODUCT_NAME = "$(TARGET_NAME)";
				SWIFT_VERSION = 5.0;
				TARGETED_DEVICE_FAMILY = "1,2";
			};
			name = Debug;
		};
		C6AC178723FBC12000DE2A88 /* Release */ = {
			isa = XCBuildConfiguration;
			buildSettings = {
				ASSETCATALOG_COMPILER_APPICON_NAME = AppIcon;
				CODE_SIGN_STYLE = Automatic;
				DEVELOPMENT_ASSET_PATHS = "\"SwiftUIScrollViewWithAnimation/Preview Content\"";
				DEVELOPMENT_TEAM = TNJ5QF4LT5;
				ENABLE_PREVIEWS = YES;
				INFOPLIST_FILE = SwiftUIScrollViewWithAnimation/Info.plist;
				LD_RUNPATH_SEARCH_PATHS = (
					"$(inherited)",
					"@executable_path/Frameworks",
				);
				PRODUCT_BUNDLE_IDENTIFIER = "Jakub-Slawecki.SwiftUIScrollViewWithAnimation";
				PRODUCT_NAME = "$(TARGET_NAME)";
				SWIFT_VERSION = 5.0;
				TARGETED_DEVICE_FAMILY = "1,2";
			};
			name = Release;
		};
/* End XCBuildConfiguration section */

/* Begin XCConfigurationList section */
		C6AC176C23FBC11E00DE2A88 /* Build configuration list for PBXProject "SwiftUIScrollViewWithAnimation" */ = {
			isa = XCConfigurationList;
			buildConfigurations = (
				C6AC178323FBC12000DE2A88 /* Debug */,
				C6AC178423FBC12000DE2A88 /* Release */,
			);
			defaultConfigurationIsVisible = 0;
			defaultConfigurationName = Release;
		};
		C6AC178523FBC12000DE2A88 /* Build configuration list for PBXNativeTarget "SwiftUIScrollViewWithAnimation" */ = {
			isa = XCConfigurationList;
			buildConfigurations = (
				C6AC178623FBC12000DE2A88 /* Debug */,
				C6AC178723FBC12000DE2A88 /* Release */,
			);
			defaultConfigurationIsVisible = 0;
			defaultConfigurationName = Release;
		};
/* End XCConfigurationList section */
	};
	rootObject = C6AC176923FBC11E00DE2A88 /* Project object */;
}
